{
  "name": "low-code-web-apps",
  "version": "1.0.0",
  "lockfileVersion": 2,
  "requires": true,
  "packages": {
    "": {
      "name": "low-code-web-apps",
      "version": "1.0.0",
      "license": "ISC",
      "dependencies": {
        "htwrite": "^0.1.0"
      }
    },
    "node_modules/htwrite": {
      "version": "0.1.0",
      "resolved": "https://registry.npmjs.org/htwrite/-/htwrite-0.1.0.tgz",
      "integrity": "sha512-meZiY57qpEiGNLlbR1ybnCFEvWKjmY5vPg+AWkIKp2VATZkrLf4nhSXzwkezXEm95Z6jiAPILS1lV30MyL7dfg=="
    }
  },
  "dependencies": {
    "htwrite": {
      "version": "0.1.0",
      "resolved": "https://registry.npmjs.org/htwrite/-/htwrite-0.1.0.tgz",
      "integrity": "sha512-meZiY57qpEiGNLlbR1ybnCFEvWKjmY5vPg+AWkIKp2VATZkrLf4nhSXzwkezXEm95Z6jiAPILS1lV30MyL7dfg=="
    }
  }
}
