{
  "name": "low-code-web-apps",
  "version": "1.0.0",
  "lockfileVersion": 2,
  "requires": true,
  "packages": {
    "": {
      "name": "low-code-web-apps",
      "version": "1.0.0",
      "license": "ISC",
      "dependencies": {
        "htwrite": "^0.1.1"
      }
    },
    "node_modules/htwrite": {
      "version": "0.1.1",
      "resolved": "https://registry.npmjs.org/htwrite/-/htwrite-0.1.1.tgz",
      "integrity": "sha512-fxylG3WukNd+XjL1e7TodQM/LC32azghYho30QLDyQGHAGLNxGP3ihp8tG8Pgk9fV6khAfoECf6MyRN0XkIgNw=="
    }
  },
  "dependencies": {
    "htwrite": {
      "version": "0.1.1",
      "resolved": "https://registry.npmjs.org/htwrite/-/htwrite-0.1.1.tgz",
      "integrity": "sha512-fxylG3WukNd+XjL1e7TodQM/LC32azghYho30QLDyQGHAGLNxGP3ihp8tG8Pgk9fV6khAfoECf6MyRN0XkIgNw=="
    }
  }
}
